// !$*UTF8*$!
{
	archiveVersion = 1;
	classes = {
	};
	objectVersion = 56;
	objects = {

/* Begin PBXBuildFile section */
		C98BBA6129A7CC6800C6B204 /* RestartAppApp.swift in Sources */ = {isa = PBXBuildFile; fileRef = C98BBA6029A7CC6800C6B204 /* RestartAppApp.swift */; };
		C98BBA6329A7CC6800C6B204 /* ContentView.swift in Sources */ = {isa = PBXBuildFile; fileRef = C98BBA6229A7CC6800C6B204 /* ContentView.swift */; };
		C98BBA6529A7CC6900C6B204 /* Assets.xcassets in Resources */ = {isa = PBXBuildFile; fileRef = C98BBA6429A7CC6900C6B204 /* Assets.xcassets */; };
		C98BBA6829A7CC6900C6B204 /* Preview Assets.xcassets in Resources */ = {isa = PBXBuildFile; fileRef = C98BBA6729A7CC6900C6B204 /* Preview Assets.xcassets */; };
		C98BBA7029A7CD1500C6B204 /* success.m4a in Resources */ = {isa = PBXBuildFile; fileRef = C98BBA6E29A7CD1500C6B204 /* success.m4a */; };
		C98BBA7129A7CD1500C6B204 /* chimeup.mp3 in Resources */ = {isa = PBXBuildFile; fileRef = C98BBA6F29A7CD1500C6B204 /* chimeup.mp3 */; };
		C98BBA7829A7CFD800C6B204 /* OnboardingView.swift in Sources */ = {isa = PBXBuildFile; fileRef = C98BBA7729A7CFD800C6B204 /* OnboardingView.swift */; };
		C98BBA7A29A7CFE300C6B204 /* HomeView.swift in Sources */ = {isa = PBXBuildFile; fileRef = C98BBA7929A7CFE300C6B204 /* HomeView.swift */; };
		C98BBA7C29A7EC9E00C6B204 /* CircleView.swift in Sources */ = {isa = PBXBuildFile; fileRef = C98BBA7B29A7EC9E00C6B204 /* CircleView.swift */; };
		C98BBA7E29A806B900C6B204 /* AudioPlayer.swift in Sources */ = {isa = PBXBuildFile; fileRef = C98BBA7D29A806B900C6B204 /* AudioPlayer.swift */; };
/* End PBXBuildFile section */

/* Begin PBXFileReference section */
		C98BBA5D29A7CC6800C6B204 /* RestartApp.app */ = {isa = PBXFileReference; explicitFileType = wrapper.application; includeInIndex = 0; path = RestartApp.app; sourceTree = BUILT_PRODUCTS_DIR; };
		C98BBA6029A7CC6800C6B204 /* RestartAppApp.swift */ = {isa = PBXFileReference; lastKnownFileType = sourcecode.swift; path = RestartAppApp.swift; sourceTree = "<group>"; };
		C98BBA6229A7CC6800C6B204 /* ContentView.swift */ = {isa = PBXFileReference; lastKnownFileType = sourcecode.swift; path = ContentView.swift; sourceTree = "<group>"; };
		C98BBA6429A7CC6900C6B204 /* Assets.xcassets */ = {isa = PBXFileReference; lastKnownFileType = folder.assetcatalog; path = Assets.xcassets; sourceTree = "<group>"; };
		C98BBA6729A7CC6900C6B204 /* Preview Assets.xcassets */ = {isa = PBXFileReference; lastKnownFileType = folder.assetcatalog; path = "Preview Assets.xcassets"; sourceTree = "<group>"; };
		C98BBA6E29A7CD1500C6B204 /* success.m4a */ = {isa = PBXFileReference; lastKnownFileType = file; path = success.m4a; sourceTree = "<group>"; };
		C98BBA6F29A7CD1500C6B204 /* chimeup.mp3 */ = {isa = PBXFileReference; lastKnownFileType = audio.mp3; path = chimeup.mp3; sourceTree = "<group>"; };
		C98BBA7629A7CF8300C6B204 /* Info.plist */ = {isa = PBXFileReference; lastKnownFileType = text.plist; path = Info.plist; sourceTree = "<group>"; };
		C98BBA7729A7CFD800C6B204 /* OnboardingView.swift */ = {isa = PBXFileReference; lastKnownFileType = sourcecode.swift; path = OnboardingView.swift; sourceTree = "<group>"; };
		C98BBA7929A7CFE300C6B204 /* HomeView.swift */ = {isa = PBXFileReference; lastKnownFileType = sourcecode.swift; path = HomeView.swift; sourceTree = "<group>"; };
		C98BBA7B29A7EC9E00C6B204 /* CircleView.swift */ = {isa = PBXFileReference; lastKnownFileType = sourcecode.swift; path = CircleView.swift; sourceTree = "<group>"; };
		C98BBA7D29A806B900C6B204 /* AudioPlayer.swift */ = {isa = PBXFileReference; lastKnownFileType = sourcecode.swift; path = AudioPlayer.swift; sourceTree = "<group>"; };
/* End PBXFileReference section */

/* Begin PBXFrameworksBuildPhase section */
		C98BBA5A29A7CC6800C6B204 /* Frameworks */ = {
			isa = PBXFrameworksBuildPhase;
			buildActionMask = 2147483647;
			files = (
			);
			runOnlyForDeploymentPostprocessing = 0;
		};
/* End PBXFrameworksBuildPhase section */

/* Begin PBXGroup section */
		C98BBA5429A7CC6800C6B204 = {
			isa = PBXGroup;
			children = (
				C98BBA5F29A7CC6800C6B204 /* RestartApp */,
				C98BBA5E29A7CC6800C6B204 /* Products */,
			);
			sourceTree = "<group>";
		};
		C98BBA5E29A7CC6800C6B204 /* Products */ = {
			isa = PBXGroup;
			children = (
				C98BBA5D29A7CC6800C6B204 /* RestartApp.app */,
			);
			name = Products;
			sourceTree = "<group>";
		};
		C98BBA5F29A7CC6800C6B204 /* RestartApp */ = {
			isa = PBXGroup;
			children = (
				C98BBA7629A7CF8300C6B204 /* Info.plist */,
				C98BBA7529A7CE3500C6B204 /* Utilities */,
				C98BBA7429A7CE1D00C6B204 /* Views */,
				C98BBA7229A7CD2700C6B204 /* Sounds */,
				C98BBA6029A7CC6800C6B204 /* RestartAppApp.swift */,
				C98BBA7329A7CE1000C6B204 /* Screens */,
				C98BBA6429A7CC6900C6B204 /* Assets.xcassets */,
				C98BBA6629A7CC6900C6B204 /* Preview Content */,
			);
			path = RestartApp;
			sourceTree = "<group>";
		};
		C98BBA6629A7CC6900C6B204 /* Preview Content */ = {
			isa = PBXGroup;
			children = (
				C98BBA6729A7CC6900C6B204 /* Preview Assets.xcassets */,
			);
			path = "Preview Content";
			sourceTree = "<group>";
		};
		C98BBA7229A7CD2700C6B204 /* Sounds */ = {
			isa = PBXGroup;
			children = (
				C98BBA6F29A7CD1500C6B204 /* chimeup.mp3 */,
				C98BBA6E29A7CD1500C6B204 /* success.m4a */,
			);
			path = Sounds;
			sourceTree = "<group>";
		};
		C98BBA7329A7CE1000C6B204 /* Screens */ = {
			isa = PBXGroup;
			children = (
				C98BBA6229A7CC6800C6B204 /* ContentView.swift */,
				C98BBA7729A7CFD800C6B204 /* OnboardingView.swift */,
				C98BBA7929A7CFE300C6B204 /* HomeView.swift */,
			);
			path = Screens;
			sourceTree = "<group>";
		};
		C98BBA7429A7CE1D00C6B204 /* Views */ = {
			isa = PBXGroup;
			children = (
				C98BBA7B29A7EC9E00C6B204 /* CircleView.swift */,
			);
			path = Views;
			sourceTree = "<group>";
		};
		C98BBA7529A7CE3500C6B204 /* Utilities */ = {
			isa = PBXGroup;
			children = (
				C98BBA7D29A806B900C6B204 /* AudioPlayer.swift */,
			);
			path = Utilities;
			sourceTree = "<group>";
		};
/* End PBXGroup section */

/* Begin PBXNativeTarget section */
		C98BBA5C29A7CC6800C6B204 /* RestartApp */ = {
			isa = PBXNativeTarget;
			buildConfigurationList = C98BBA6B29A7CC6900C6B204 /* Build configuration list for PBXNativeTarget "RestartApp" */;
			buildPhases = (
				C98BBA5929A7CC6800C6B204 /* Sources */,
				C98BBA5A29A7CC6800C6B204 /* Frameworks */,
				C98BBA5B29A7CC6800C6B204 /* Resources */,
			);
			buildRules = (
			);
			dependencies = (
			);
			name = RestartApp;
			productName = RestartApp;
			productReference = C98BBA5D29A7CC6800C6B204 /* RestartApp.app */;
			productType = "com.apple.product-type.application";
		};
/* End PBXNativeTarget section */

/* Begin PBXProject section */
		C98BBA5529A7CC6800C6B204 /* Project object */ = {
			isa = PBXProject;
			attributes = {
				BuildIndependentTargetsInParallel = 1;
				LastSwiftUpdateCheck = 1420;
				LastUpgradeCheck = 1420;
				TargetAttributes = {
					C98BBA5C29A7CC6800C6B204 = {
						CreatedOnToolsVersion = 14.2;
					};
				};
			};
			buildConfigurationList = C98BBA5829A7CC6800C6B204 /* Build configuration list for PBXProject "RestartApp" */;
			compatibilityVersion = "Xcode 14.0";
			developmentRegion = en;
			hasScannedForEncodings = 0;
			knownRegions = (
				en,
				Base,
			);
			mainGroup = C98BBA5429A7CC6800C6B204;
			productRefGroup = C98BBA5E29A7CC6800C6B204 /* Products */;
			projectDirPath = "";
			projectRoot = "";
			targets = (
				C98BBA5C29A7CC6800C6B204 /* RestartApp */,
			);
		};
/* End PBXProject section */

/* Begin PBXResourcesBuildPhase section */
		C98BBA5B29A7CC6800C6B204 /* Resources */ = {
			isa = PBXResourcesBuildPhase;
			buildActionMask = 2147483647;
			files = (
				C98BBA7129A7CD1500C6B204 /* chimeup.mp3 in Resources */,
				C98BBA6829A7CC6900C6B204 /* Preview Assets.xcassets in Resources */,
				C98BBA7029A7CD1500C6B204 /* success.m4a in Resources */,
				C98BBA6529A7CC6900C6B204 /* Assets.xcassets in Resources */,
			);
			runOnlyForDeploymentPostprocessing = 0;
		};
/* End PBXResourcesBuildPhase section */

/* Begin PBXSourcesBuildPhase section */
		C98BBA5929A7CC6800C6B204 /* Sources */ = {
			isa = PBXSourcesBuildPhase;
			buildActionMask = 2147483647;
			files = (
				C98BBA7829A7CFD800C6B204 /* OnboardingView.swift in Sources */,
				C98BBA7C29A7EC9E00C6B204 /* CircleView.swift in Sources */,
				C98BBA7A29A7CFE300C6B204 /* HomeView.swift in Sources */,
				C98BBA6329A7CC6800C6B204 /* ContentView.swift in Sources */,
				C98BBA6129A7CC6800C6B204 /* RestartAppApp.swift in Sources */,
				C98BBA7E29A806B900C6B204 /* AudioPlayer.swift in Sources */,
			);
			runOnlyForDeploymentPostprocessing = 0;
		};
/* End PBXSourcesBuildPhase section */

/* Begin XCBuildConfiguration section */
		C98BBA6929A7CC6900C6B204 /* Debug */ = {
			isa = XCBuildConfiguration;
			buildSettings = {
				ALWAYS_SEARCH_USER_PATHS = NO;
				CLANG_ANALYZER_NONNULL = YES;
				CLANG_ANALYZER_NUMBER_OBJECT_CONVERSION = YES_AGGRESSIVE;
				CLANG_CXX_LANGUAGE_STANDARD = "gnu++20";
				CLANG_ENABLE_MODULES = YES;
				CLANG_ENABLE_OBJC_ARC = YES;
				CLANG_ENABLE_OBJC_WEAK = YES;
				CLANG_WARN_BLOCK_CAPTURE_AUTORELEASING = YES;
				CLANG_WARN_BOOL_CONVERSION = YES;
				CLANG_WARN_COMMA = YES;
				CLANG_WARN_CONSTANT_CONVERSION = YES;
				CLANG_WARN_DEPRECATED_OBJC_IMPLEMENTATIONS = YES;
				CLANG_WARN_DIRECT_OBJC_ISA_USAGE = YES_ERROR;
				CLANG_WARN_DOCUMENTATION_COMMENTS = YES;
				CLANG_WARN_EMPTY_BODY = YES;
				CLANG_WARN_ENUM_CONVERSION = YES;
				CLANG_WARN_INFINITE_RECURSION = YES;
				CLANG_WARN_INT_CONVERSION = YES;
				CLANG_WARN_NON_LITERAL_NULL_CONVERSION = YES;
				CLANG_WARN_OBJC_IMPLICIT_RETAIN_SELF = YES;
				CLANG_WARN_OBJC_LITERAL_CONVERSION = YES;
				CLANG_WARN_OBJC_ROOT_CLASS = YES_ERROR;
				CLANG_WARN_QUOTED_INCLUDE_IN_FRAMEWORK_HEADER = YES;
				CLANG_WARN_RANGE_LOOP_ANALYSIS = YES;
				CLANG_WARN_STRICT_PROTOTYPES = YES;
				CLANG_WARN_SUSPICIOUS_MOVE = YES;
				CLANG_WARN_UNGUARDED_AVAILABILITY = YES_AGGRESSIVE;
				CLANG_WARN_UNREACHABLE_CODE = YES;
				CLANG_WARN__DUPLICATE_METHOD_MATCH = YES;
				COPY_PHASE_STRIP = NO;
				DEBUG_INFORMATION_FORMAT = dwarf;
				ENABLE_STRICT_OBJC_MSGSEND = YES;
				ENABLE_TESTABILITY = YES;
				GCC_C_LANGUAGE_STANDARD = gnu11;
				GCC_DYNAMIC_NO_PIC = NO;
				GCC_NO_COMMON_BLOCKS = YES;
				GCC_OPTIMIZATION_LEVEL = 0;
				GCC_PREPROCESSOR_DEFINITIONS = (
					"DEBUG=1",
					"$(inherited)",
				);
				GCC_WARN_64_TO_32_BIT_CONVERSION = YES;
				GCC_WARN_ABOUT_RETURN_TYPE = YES_ERROR;
				GCC_WARN_UNDECLARED_SELECTOR = YES;
				GCC_WARN_UNINITIALIZED_AUTOS = YES_AGGRESSIVE;
				GCC_WARN_UNUSED_FUNCTION = YES;
				GCC_WARN_UNUSED_VARIABLE = YES;
				IPHONEOS_DEPLOYMENT_TARGET = 16.2;
				MTL_ENABLE_DEBUG_INFO = INCLUDE_SOURCE;
				MTL_FAST_MATH = YES;
				ONLY_ACTIVE_ARCH = YES;
				SDKROOT = iphoneos;
				SWIFT_ACTIVE_COMPILATION_CONDITIONS = DEBUG;
				SWIFT_OPTIMIZATION_LEVEL = "-Onone";
			};
			name = Debug;
		};
		C98BBA6A29A7CC6900C6B204 /* Release */ = {
			isa = XCBuildConfiguration;
			buildSettings = {
				ALWAYS_SEARCH_USER_PATHS = NO;
				CLANG_ANALYZER_NONNULL = YES;
				CLANG_ANALYZER_NUMBER_OBJECT_CONVERSION = YES_AGGRESSIVE;
				CLANG_CXX_LANGUAGE_STANDARD = "gnu++20";
				CLANG_ENABLE_MODULES = YES;
				CLANG_ENABLE_OBJC_ARC = YES;
				CLANG_ENABLE_OBJC_WEAK = YES;
				CLANG_WARN_BLOCK_CAPTURE_AUTORELEASING = YES;
				CLANG_WARN_BOOL_CONVERSION = YES;
				CLANG_WARN_COMMA = YES;
				CLANG_WARN_CONSTANT_CONVERSION = YES;
				CLANG_WARN_DEPRECATED_OBJC_IMPLEMENTATIONS = YES;
				CLANG_WARN_DIRECT_OBJC_ISA_USAGE = YES_ERROR;
				CLANG_WARN_DOCUMENTATION_COMMENTS = YES;
				CLANG_WARN_EMPTY_BODY = YES;
				CLANG_WARN_ENUM_CONVERSION = YES;
				CLANG_WARN_INFINITE_RECURSION = YES;
				CLANG_WARN_INT_CONVERSION = YES;
				CLANG_WARN_NON_LITERAL_NULL_CONVERSION = YES;
				CLANG_WARN_OBJC_IMPLICIT_RETAIN_SELF = YES;
				CLANG_WARN_OBJC_LITERAL_CONVERSION = YES;
				CLANG_WARN_OBJC_ROOT_CLASS = YES_ERROR;
				CLANG_WARN_QUOTED_INCLUDE_IN_FRAMEWORK_HEADER = YES;
				CLANG_WARN_RANGE_LOOP_ANALYSIS = YES;
				CLANG_WARN_STRICT_PROTOTYPES = YES;
				CLANG_WARN_SUSPICIOUS_MOVE = YES;
				CLANG_WARN_UNGUARDED_AVAILABILITY = YES_AGGRESSIVE;
				CLANG_WARN_UNREACHABLE_CODE = YES;
				CLANG_WARN__DUPLICATE_METHOD_MATCH = YES;
				COPY_PHASE_STRIP = NO;
				DEBUG_INFORMATION_FORMAT = "dwarf-with-dsym";
				ENABLE_NS_ASSERTIONS = NO;
				ENABLE_STRICT_OBJC_MSGSEND = YES;
				GCC_C_LANGUAGE_STANDARD = gnu11;
				GCC_NO_COMMON_BLOCKS = YES;
				GCC_WARN_64_TO_32_BIT_CONVERSION = YES;
				GCC_WARN_ABOUT_RETURN_TYPE = YES_ERROR;
				GCC_WARN_UNDECLARED_SELECTOR = YES;
				GCC_WARN_UNINITIALIZED_AUTOS = YES_AGGRESSIVE;
				GCC_WARN_UNUSED_FUNCTION = YES;
				GCC_WARN_UNUSED_VARIABLE = YES;
				IPHONEOS_DEPLOYMENT_TARGET = 16.2;
				MTL_ENABLE_DEBUG_INFO = NO;
				MTL_FAST_MATH = YES;
				SDKROOT = iphoneos;
				SWIFT_COMPILATION_MODE = wholemodule;
				SWIFT_OPTIMIZATION_LEVEL = "-O";
				VALIDATE_PRODUCT = YES;
			};
			name = Release;
		};
		C98BBA6C29A7CC6900C6B204 /* Debug */ = {
			isa = XCBuildConfiguration;
			buildSettings = {
				ASSETCATALOG_COMPILER_APPICON_NAME = AppIcon;
				ASSETCATALOG_COMPILER_GLOBAL_ACCENT_COLOR_NAME = AccentColor;
				CODE_SIGN_STYLE = Automatic;
				CURRENT_PROJECT_VERSION = 1;
				DEVELOPMENT_ASSET_PATHS = "\"RestartApp/Preview Content\"";
				DEVELOPMENT_TEAM = 4AKWAHU929;
				ENABLE_PREVIEWS = YES;
				GENERATE_INFOPLIST_FILE = YES;
				INFOPLIST_FILE = RestartApp/Info.plist;
				INFOPLIST_KEY_UIApplicationSupportsIndirectInputEvents = YES;
				INFOPLIST_KEY_UISupportedInterfaceOrientations_iPad = "UIInterfaceOrientationPortrait UIInterfaceOrientationPortraitUpsideDown UIInterfaceOrientationLandscapeLeft UIInterfaceOrientationLandscapeRight";
				INFOPLIST_KEY_UISupportedInterfaceOrientations_iPhone = "UIInterfaceOrientationPortrait UIInterfaceOrientationLandscapeLeft UIInterfaceOrientationLandscapeRight";
				IPHONEOS_DEPLOYMENT_TARGET = 15.0;
				LD_RUNPATH_SEARCH_PATHS = (
					"$(inherited)",
					"@executable_path/Frameworks",
				);
				MARKETING_VERSION = 1.0;
				PRODUCT_BUNDLE_IDENTIFIER = com.mehmetergun.RestartApp;
				PRODUCT_NAME = "$(TARGET_NAME)";
				SWIFT_EMIT_LOC_STRINGS = YES;
				SWIFT_VERSION = 5.0;
				TARGETED_DEVICE_FAMILY = "1,2";
			};
			name = Debug;
		};
		C98BBA6D29A7CC6900C6B204 /* Release */ = {
			isa = XCBuildConfiguration;
			buildSettings = {
				ASSETCATALOG_COMPILER_APPICON_NAME = AppIcon;
				ASSETCATALOG_COMPILER_GLOBAL_ACCENT_COLOR_NAME = AccentColor;
				CODE_SIGN_STYLE = Automatic;
				CURRENT_PROJECT_VERSION = 1;
				DEVELOPMENT_ASSET_PATHS = "\"RestartApp/Preview Content\"";
				DEVELOPMENT_TEAM = 4AKWAHU929;
				ENABLE_PREVIEWS = YES;
				GENERATE_INFOPLIST_FILE = YES;
				INFOPLIST_FILE = RestartApp/Info.plist;
				INFOPLIST_KEY_UIApplicationSupportsIndirectInputEvents = YES;
				INFOPLIST_KEY_UISupportedInterfaceOrientations_iPad = "UIInterfaceOrientationPortrait UIInterfaceOrientationPortraitUpsideDown UIInterfaceOrientationLandscapeLeft UIInterfaceOrientationLandscapeRight";
				INFOPLIST_KEY_UISupportedInterfaceOrientations_iPhone = "UIInterfaceOrientationPortrait UIInterfaceOrientationLandscapeLeft UIInterfaceOrientationLandscapeRight";
				IPHONEOS_DEPLOYMENT_TARGET = 15.0;
				LD_RUNPATH_SEARCH_PATHS = (
					"$(inherited)",
					"@executable_path/Frameworks",
				);
				MARKETING_VERSION = 1.0;
				PRODUCT_BUNDLE_IDENTIFIER = com.mehmetergun.RestartApp;
				PRODUCT_NAME = "$(TARGET_NAME)";
				SWIFT_EMIT_LOC_STRINGS = YES;
				SWIFT_VERSION = 5.0;
				TARGETED_DEVICE_FAMILY = "1,2";
			};
			name = Release;
		};
/* End XCBuildConfiguration section */

/* Begin XCConfigurationList section */
		C98BBA5829A7CC6800C6B204 /* Build configuration list for PBXProject "RestartApp" */ = {
			isa = XCConfigurationList;
			buildConfigurations = (
				C98BBA6929A7CC6900C6B204 /* Debug */,
				C98BBA6A29A7CC6900C6B204 /* Release */,
			);
			defaultConfigurationIsVisible = 0;
			defaultConfigurationName = Release;
		};
		C98BBA6B29A7CC6900C6B204 /* Build configuration list for PBXNativeTarget "RestartApp" */ = {
			isa = XCConfigurationList;
			buildConfigurations = (
				C98BBA6C29A7CC6900C6B204 /* Debug */,
				C98BBA6D29A7CC6900C6B204 /* Release */,
			);
			defaultConfigurationIsVisible = 0;
			defaultConfigurationName = Release;
		};
/* End XCConfigurationList section */
	};
	rootObject = C98BBA5529A7CC6800C6B204 /* Project object */;
}
